
Microsoft Visual Studio Solution File, Format Version 12.00
# Visual Studio Version 16
VisualStudioVersion = 16.0.30621.155
MinimumVisualStudioVersion = 10.0.40219.1
Project("{8BC9CEB8-8B4A-11D0-8D11-00A0C91BC942}") = "Server", "Server\Server.vcxproj", "{11B4CA51-4F13-44F1-8442-E54BE2EDF3FC}"
EndProject
Project("{8BC9CEB8-8B4A-11D0-8D11-00A0C91BC942}") = "Client", "Client\Client.vcxproj", "{208B2B7D-22B5-4800-A99C-6F9719461C1A}"
EndProject
Global
	GlobalSection(SolutionConfigurationPlatforms) = preSolution
		Debug|x64 = Debug|x64
		Debug|x86 = Debug|x86
		Release|x64 = Release|x64
		Release|x86 = Release|x86
	EndGlobalSection
	GlobalSection(ProjectConfigurationPlatforms) = postSolution
		{11B4CA51-4F13-44F1-8442-E54BE2EDF3FC}.Debug|x64.ActiveCfg = Debug|x64
		{11B4CA51-4F13-44F1-8442-E54BE2EDF3FC}.Debug|x64.Build.0 = Debug|x64
		{11B4CA51-4F13-44F1-8442-E54BE2EDF3FC}.Debug|x86.ActiveCfg = Debug|Win32
		{11B4CA51-4F13-44F1-8442-E54BE2EDF3FC}.Debug|x86.Build.0 = Debug|Win32
		{11B4CA51-4F13-44F1-8442-E54BE2EDF3FC}.Release|x64.ActiveCfg = Release|x64
		{11B4CA51-4F13-44F1-8442-E54BE2EDF3FC}.Release|x64.Build.0 = Release|x64
		{11B4CA51-4F13-44F1-8442-E54BE2EDF3FC}.Release|x86.ActiveCfg = Release|Win32
		{11B4CA51-4F13-44F1-8442-E54BE2EDF3FC}.Release|x86.Build.0 = Release|Win32
		{208B2B7D-22B5-4800-A99C-6F9719461C1A}.Debug|x64.ActiveCfg = Debug|x64
		{208B2B7D-22B5-4800-A99C-6F9719461C1A}.Debug|x64.Build.0 = Debug|x64
		{208B2B7D-22B5-4800-A99C-6F9719461C1A}.Debug|x86.ActiveCfg = Debug|Win32
		{208B2B7D-22B5-4800-A99C-6F9719461C1A}.Debug|x86.Build.0 = Debug|Win32
		{208B2B7D-22B5-4800-A99C-6F9719461C1A}.Release|x64.ActiveCfg = Release|x64
		{208B2B7D-22B5-4800-A99C-6F9719461C1A}.Release|x64.Build.0 = Release|x64
		{208B2B7D-22B5-4800-A99C-6F9719461C1A}.Release|x86.ActiveCfg = Release|Win32
		{208B2B7D-22B5-4800-A99C-6F9719461C1A}.Release|x86.Build.0 = Release|Win32
	EndGlobalSection
	GlobalSection(SolutionProperties) = preSolution
		HideSolutionNode = FALSE
	EndGlobalSection
	GlobalSection(ExtensibilityGlobals) = postSolution
		SolutionGuid = {E11F20F2-AAE9-4F68-9179-3519969BA7EC}
	EndGlobalSection
EndGlobal
